
Microsoft Visual Studio Solution File, Format Version 11.00
# Visual Studio 2010
Project("{8BC9CEB8-8B4A-11D0-8D11-00A0C91BC942}") = "bin2carray", "bin2carray\bin2carray.vcxproj", "{4651EBFF-069D-43C3-96FA-A313013FFBAF}"
EndProject
Global
	GlobalSection(SolutionConfigurationPlatforms) = preSolution
		Debug|Win32 = Debug|Win32
		Release|Win32 = Release|Win32
	EndGlobalSection
	GlobalSection(ProjectConfigurationPlatforms) = postSolution
		{4651EBFF-069D-43C3-96FA-A313013FFBAF}.Debug|Win32.ActiveCfg = Debug|Win32
		{4651EBFF-069D-43C3-96FA-A313013FFBAF}.Debug|Win32.Build.0 = Debug|Win32
		{4651EBFF-069D-43C3-96FA-A313013FFBAF}.Release|Win32.ActiveCfg = Release|Win32
		{4651EBFF-069D-43C3-96FA-A313013FFBAF}.Release|Win32.Build.0 = Release|Win32
	EndGlobalSection
	GlobalSection(SolutionProperties) = preSolution
		HideSolutionNode = FALSE
	EndGlobalSection
EndGlobal
