
Microsoft Visual Studio Solution File, Format Version 9.00
# Visual Studio 2005
Project("{8BC9CEB8-8B4A-11D0-8D11-00A0C91BC942}") = "aescrypt2", "aescrypt2.vcproj", "{484F1631-1185-47AA-887E-65BC19355E8E}"
EndProject
Project("{8BC9CEB8-8B4A-11D0-8D11-00A0C91BC942}") = "benchmark", "benchmark.vcproj", "{0877D3CA-E923-4781-A871-11F5BC56793A}"
EndProject
Project("{8BC9CEB8-8B4A-11D0-8D11-00A0C91BC942}") = "dh_client", "dh_client.vcproj", "{E3478C0B-35D2-4BFC-9197-85B1B3243484}"
EndProject
Project("{8BC9CEB8-8B4A-11D0-8D11-00A0C91BC942}") = "dh_genprime", "dh_genprime.vcproj", "{C1E0BEFA-E5D3-44C2-A30C-36CA5E5E1BE9}"
EndProject
Project("{8BC9CEB8-8B4A-11D0-8D11-00A0C91BC942}") = "dh_server", "dh_server.vcproj", "{D6641B29-22B3-4532-AF80-FEFBDCE2BA64}"
EndProject
Project("{8BC9CEB8-8B4A-11D0-8D11-00A0C91BC942}") = "hello", "hello.vcproj", "{04B81EE1-30E4-4A76-A346-84AC1E157588}"
EndProject
Project("{8BC9CEB8-8B4A-11D0-8D11-00A0C91BC942}") = "md5sum", "md5sum.vcproj", "{3D4A64DA-0591-4A3F-AAE4-DAB922D53AD5}"
EndProject
Project("{8BC9CEB8-8B4A-11D0-8D11-00A0C91BC942}") = "mpi_demo", "mpi_demo.vcproj", "{320C72B5-2465-492B-A0F4-2E4D8DF41958}"
EndProject
Project("{8BC9CEB8-8B4A-11D0-8D11-00A0C91BC942}") = "polarssl", "polarssl.vcproj", "{49F1D0B6-B69E-4F74-A8D3-CF72E2C9B27C}"
EndProject
Project("{8BC9CEB8-8B4A-11D0-8D11-00A0C91BC942}") = "rsa_genkey", "rsa_genkey.vcproj", "{B6EF2534-86A3-4A41-B2F9-3E2F7BBFE3FD}"
EndProject
Project("{8BC9CEB8-8B4A-11D0-8D11-00A0C91BC942}") = "rsa_sign", "rsa_sign.vcproj", "{171A7DAE-F047-43CA-90F9-A1C28FFBB6FD}"
EndProject
Project("{8BC9CEB8-8B4A-11D0-8D11-00A0C91BC942}") = "rsa_verify", "rsa_verify.vcproj", "{FBDA8402-3844-4A78-A492-9278169D7852}"
EndProject
Project("{8BC9CEB8-8B4A-11D0-8D11-00A0C91BC942}") = "selftest", "selftest.vcproj", "{74DB6337-6099-43CA-ACF7-62DB5A288657}"
EndProject
Project("{8BC9CEB8-8B4A-11D0-8D11-00A0C91BC942}") = "sha1sum", "sha1sum.vcproj", "{E4B24799-272D-4907-A00A-6D876F8DD117}"
EndProject
Project("{8BC9CEB8-8B4A-11D0-8D11-00A0C91BC942}") = "sha2sum", "sha2sum.vcproj", "{91630A6F-8068-468B-86EA-871E8312566F}"
EndProject
Project("{8BC9CEB8-8B4A-11D0-8D11-00A0C91BC942}") = "ssl_cert_test", "ssl_cert_test.vcproj", "{53B8E950-AFB4-40F2-BB79-80C2FD7531D8}"
EndProject
Project("{8BC9CEB8-8B4A-11D0-8D11-00A0C91BC942}") = "ssl_client1", "ssl_client1.vcproj", "{5F966FDA-E061-47ED-B562-23FF4A07F01A}"
EndProject
Project("{8BC9CEB8-8B4A-11D0-8D11-00A0C91BC942}") = "ssl_client2", "ssl_client2.vcproj", "{42A46BCF-BF08-4C75-8229-CDE4A423175A}"
EndProject
Project("{8BC9CEB8-8B4A-11D0-8D11-00A0C91BC942}") = "ssl_server", "ssl_server.vcproj", "{B2562821-0D2B-49A8-A0CB-4EA65074DA5B}"
EndProject
Global
	GlobalSection(SolutionConfigurationPlatforms) = preSolution
		Debug|Win32 = Debug|Win32
		Release|Win32 = Release|Win32
	EndGlobalSection
	GlobalSection(ProjectConfigurationPlatforms) = postSolution
		{484F1631-1185-47AA-887E-65BC19355E8E}.Debug|Win32.ActiveCfg = Debug|Win32
		{484F1631-1185-47AA-887E-65BC19355E8E}.Debug|Win32.Build.0 = Debug|Win32
		{484F1631-1185-47AA-887E-65BC19355E8E}.Release|Win32.ActiveCfg = Release|Win32
		{484F1631-1185-47AA-887E-65BC19355E8E}.Release|Win32.Build.0 = Release|Win32
		{0877D3CA-E923-4781-A871-11F5BC56793A}.Debug|Win32.ActiveCfg = Debug|Win32
		{0877D3CA-E923-4781-A871-11F5BC56793A}.Debug|Win32.Build.0 = Debug|Win32
		{0877D3CA-E923-4781-A871-11F5BC56793A}.Release|Win32.ActiveCfg = Release|Win32
		{0877D3CA-E923-4781-A871-11F5BC56793A}.Release|Win32.Build.0 = Release|Win32
		{E3478C0B-35D2-4BFC-9197-85B1B3243484}.Debug|Win32.ActiveCfg = Debug|Win32
		{E3478C0B-35D2-4BFC-9197-85B1B3243484}.Debug|Win32.Build.0 = Debug|Win32
		{E3478C0B-35D2-4BFC-9197-85B1B3243484}.Release|Win32.ActiveCfg = Release|Win32
		{E3478C0B-35D2-4BFC-9197-85B1B3243484}.Release|Win32.Build.0 = Release|Win32
		{C1E0BEFA-E5D3-44C2-A30C-36CA5E5E1BE9}.Debug|Win32.ActiveCfg = Debug|Win32
		{C1E0BEFA-E5D3-44C2-A30C-36CA5E5E1BE9}.Debug|Win32.Build.0 = Debug|Win32
		{C1E0BEFA-E5D3-44C2-A30C-36CA5E5E1BE9}.Release|Win32.ActiveCfg = Release|Win32
		{C1E0BEFA-E5D3-44C2-A30C-36CA5E5E1BE9}.Release|Win32.Build.0 = Release|Win32
		{D6641B29-22B3-4532-AF80-FEFBDCE2BA64}.Debug|Win32.ActiveCfg = Debug|Win32
		{D6641B29-22B3-4532-AF80-FEFBDCE2BA64}.Debug|Win32.Build.0 = Debug|Win32
		{D6641B29-22B3-4532-AF80-FEFBDCE2BA64}.Release|Win32.ActiveCfg = Release|Win32
		{D6641B29-22B3-4532-AF80-FEFBDCE2BA64}.Release|Win32.Build.0 = Release|Win32
		{04B81EE1-30E4-4A76-A346-84AC1E157588}.Debug|Win32.ActiveCfg = Debug|Win32
		{04B81EE1-30E4-4A76-A346-84AC1E157588}.Debug|Win32.Build.0 = Debug|Win32
		{04B81EE1-30E4-4A76-A346-84AC1E157588}.Release|Win32.ActiveCfg = Release|Win32
		{04B81EE1-30E4-4A76-A346-84AC1E157588}.Release|Win32.Build.0 = Release|Win32
		{3D4A64DA-0591-4A3F-AAE4-DAB922D53AD5}.Debug|Win32.ActiveCfg = Debug|Win32
		{3D4A64DA-0591-4A3F-AAE4-DAB922D53AD5}.Debug|Win32.Build.0 = Debug|Win32
		{3D4A64DA-0591-4A3F-AAE4-DAB922D53AD5}.Release|Win32.ActiveCfg = Release|Win32
		{3D4A64DA-0591-4A3F-AAE4-DAB922D53AD5}.Release|Win32.Build.0 = Release|Win32
		{320C72B5-2465-492B-A0F4-2E4D8DF41958}.Debug|Win32.ActiveCfg = Debug|Win32
		{320C72B5-2465-492B-A0F4-2E4D8DF41958}.Debug|Win32.Build.0 = Debug|Win32
		{320C72B5-2465-492B-A0F4-2E4D8DF41958}.Release|Win32.ActiveCfg = Release|Win32
		{320C72B5-2465-492B-A0F4-2E4D8DF41958}.Release|Win32.Build.0 = Release|Win32
		{49F1D0B6-B69E-4F74-A8D3-CF72E2C9B27C}.Debug|Win32.ActiveCfg = Debug|Win32
		{49F1D0B6-B69E-4F74-A8D3-CF72E2C9B27C}.Debug|Win32.Build.0 = Debug|Win32
		{49F1D0B6-B69E-4F74-A8D3-CF72E2C9B27C}.Release|Win32.ActiveCfg = Release|Win32
		{49F1D0B6-B69E-4F74-A8D3-CF72E2C9B27C}.Release|Win32.Build.0 = Release|Win32
		{B6EF2534-86A3-4A41-B2F9-3E2F7BBFE3FD}.Debug|Win32.ActiveCfg = Debug|Win32
		{B6EF2534-86A3-4A41-B2F9-3E2F7BBFE3FD}.Debug|Win32.Build.0 = Debug|Win32
		{B6EF2534-86A3-4A41-B2F9-3E2F7BBFE3FD}.Release|Win32.ActiveCfg = Release|Win32
		{B6EF2534-86A3-4A41-B2F9-3E2F7BBFE3FD}.Release|Win32.Build.0 = Release|Win32
		{171A7DAE-F047-43CA-90F9-A1C28FFBB6FD}.Debug|Win32.ActiveCfg = Debug|Win32
		{171A7DAE-F047-43CA-90F9-A1C28FFBB6FD}.Debug|Win32.Build.0 = Debug|Win32
		{171A7DAE-F047-43CA-90F9-A1C28FFBB6FD}.Release|Win32.ActiveCfg = Release|Win32
		{171A7DAE-F047-43CA-90F9-A1C28FFBB6FD}.Release|Win32.Build.0 = Release|Win32
		{FBDA8402-3844-4A78-A492-9278169D7852}.Debug|Win32.ActiveCfg = Debug|Win32
		{FBDA8402-3844-4A78-A492-9278169D7852}.Debug|Win32.Build.0 = Debug|Win32
		{FBDA8402-3844-4A78-A492-9278169D7852}.Release|Win32.ActiveCfg = Release|Win32
		{FBDA8402-3844-4A78-A492-9278169D7852}.Release|Win32.Build.0 = Release|Win32
		{74DB6337-6099-43CA-ACF7-62DB5A288657}.Debug|Win32.ActiveCfg = Debug|Win32
		{74DB6337-6099-43CA-ACF7-62DB5A288657}.Debug|Win32.Build.0 = Debug|Win32
		{74DB6337-6099-43CA-ACF7-62DB5A288657}.Release|Win32.ActiveCfg = Release|Win32
		{74DB6337-6099-43CA-ACF7-62DB5A288657}.Release|Win32.Build.0 = Release|Win32
		{E4B24799-272D-4907-A00A-6D876F8DD117}.Debug|Win32.ActiveCfg = Debug|Win32
		{E4B24799-272D-4907-A00A-6D876F8DD117}.Debug|Win32.Build.0 = Debug|Win32
		{E4B24799-272D-4907-A00A-6D876F8DD117}.Release|Win32.ActiveCfg = Release|Win32
		{E4B24799-272D-4907-A00A-6D876F8DD117}.Release|Win32.Build.0 = Release|Win32
		{91630A6F-8068-468B-86EA-871E8312566F}.Debug|Win32.ActiveCfg = Debug|Win32
		{91630A6F-8068-468B-86EA-871E8312566F}.Debug|Win32.Build.0 = Debug|Win32
		{91630A6F-8068-468B-86EA-871E8312566F}.Release|Win32.ActiveCfg = Release|Win32
		{91630A6F-8068-468B-86EA-871E8312566F}.Release|Win32.Build.0 = Release|Win32
		{53B8E950-AFB4-40F2-BB79-80C2FD7531D8}.Debug|Win32.ActiveCfg = Debug|Win32
		{53B8E950-AFB4-40F2-BB79-80C2FD7531D8}.Debug|Win32.Build.0 = Debug|Win32
		{53B8E950-AFB4-40F2-BB79-80C2FD7531D8}.Release|Win32.ActiveCfg = Release|Win32
		{53B8E950-AFB4-40F2-BB79-80C2FD7531D8}.Release|Win32.Build.0 = Release|Win32
		{5F966FDA-E061-47ED-B562-23FF4A07F01A}.Debug|Win32.ActiveCfg = Debug|Win32
		{5F966FDA-E061-47ED-B562-23FF4A07F01A}.Debug|Win32.Build.0 = Debug|Win32
		{5F966FDA-E061-47ED-B562-23FF4A07F01A}.Release|Win32.ActiveCfg = Release|Win32
		{5F966FDA-E061-47ED-B562-23FF4A07F01A}.Release|Win32.Build.0 = Release|Win32
		{42A46BCF-BF08-4C75-8229-CDE4A423175A}.Debug|Win32.ActiveCfg = Debug|Win32
		{42A46BCF-BF08-4C75-8229-CDE4A423175A}.Debug|Win32.Build.0 = Debug|Win32
		{42A46BCF-BF08-4C75-8229-CDE4A423175A}.Release|Win32.ActiveCfg = Release|Win32
		{42A46BCF-BF08-4C75-8229-CDE4A423175A}.Release|Win32.Build.0 = Release|Win32
		{B2562821-0D2B-49A8-A0CB-4EA65074DA5B}.Debug|Win32.ActiveCfg = Debug|Win32
		{B2562821-0D2B-49A8-A0CB-4EA65074DA5B}.Debug|Win32.Build.0 = Debug|Win32
		{B2562821-0D2B-49A8-A0CB-4EA65074DA5B}.Release|Win32.ActiveCfg = Release|Win32
		{B2562821-0D2B-49A8-A0CB-4EA65074DA5B}.Release|Win32.Build.0 = Release|Win32
	EndGlobalSection
	GlobalSection(SolutionProperties) = preSolution
		HideSolutionNode = FALSE
	EndGlobalSection
EndGlobal
